// !$*UTF8*$!
{
	archiveVersion = 1;
	classes = {
	};
	objectVersion = 56;
	objects = {

/* Begin PBXBuildFile section */
		4B4564412B9C28CD00DC00A5 /* AppDelegate.swift in Sources */ = {isa = PBXBuildFile; fileRef = 4B4564402B9C28CD00DC00A5 /* AppDelegate.swift */; };
		4B4564432B9C28CD00DC00A5 /* SceneDelegate.swift in Sources */ = {isa = PBXBuildFile; fileRef = 4B4564422B9C28CD00DC00A5 /* SceneDelegate.swift */; };
		4B4564452B9C28CD00DC00A5 /* LaunchScreenVC.swift in Sources */ = {isa = PBXBuildFile; fileRef = 4B4564442B9C28CD00DC00A5 /* LaunchScreenVC.swift */; };
		4B4564482B9C28CD00DC00A5 /* Main.storyboard in Resources */ = {isa = PBXBuildFile; fileRef = 4B4564462B9C28CD00DC00A5 /* Main.storyboard */; };
		4B45644A2B9C28CF00DC00A5 /* Assets.xcassets in Resources */ = {isa = PBXBuildFile; fileRef = 4B4564492B9C28CF00DC00A5 /* Assets.xcassets */; };
		4B45644D2B9C28CF00DC00A5 /* LaunchScreen.storyboard in Resources */ = {isa = PBXBuildFile; fileRef = 4B45644B2B9C28CF00DC00A5 /* LaunchScreen.storyboard */; };
		4B4564562B9C291C00DC00A5 /* ParseSwift in Frameworks */ = {isa = PBXBuildFile; productRef = 4B4564552B9C291C00DC00A5 /* ParseSwift */; };
		4B45645A2B9C313D00DC00A5 /* UserAuthViewController.swift in Sources */ = {isa = PBXBuildFile; fileRef = 4B4564582B9C313D00DC00A5 /* UserAuthViewController.swift */; };
		4B45645B2B9C313D00DC00A5 /* UserAuthViewController.xib in Resources */ = {isa = PBXBuildFile; fileRef = 4B4564592B9C313D00DC00A5 /* UserAuthViewController.xib */; };
		4B45645E2B9C3CE000DC00A5 /* User.swift in Sources */ = {isa = PBXBuildFile; fileRef = 4B45645D2B9C3CE000DC00A5 /* User.swift */; };
		4B4564602B9C42E000DC00A5 /* HomeViewController.swift in Sources */ = {isa = PBXBuildFile; fileRef = 4B45645F2B9C42E000DC00A5 /* HomeViewController.swift */; };
		4B4564632B9C4EE300DC00A5 /* PostPhotoViewController.swift in Sources */ = {isa = PBXBuildFile; fileRef = 4B4564612B9C4EE300DC00A5 /* PostPhotoViewController.swift */; };
		4B4564642B9C4EE300DC00A5 /* PostPhotoViewController.xib in Resources */ = {isa = PBXBuildFile; fileRef = 4B4564622B9C4EE300DC00A5 /* PostPhotoViewController.xib */; };
		4B4564662B9C544200DC00A5 /* Post.swift in Sources */ = {isa = PBXBuildFile; fileRef = 4B4564652B9C544200DC00A5 /* Post.swift */; };
		4B45646A2B9CC9CF00DC00A5 /* FeedCollectionViewCell.swift in Sources */ = {isa = PBXBuildFile; fileRef = 4B4564682B9CC9CF00DC00A5 /* FeedCollectionViewCell.swift */; };
		4B45646B2B9CC9CF00DC00A5 /* FeedCollectionViewCell.xib in Resources */ = {isa = PBXBuildFile; fileRef = 4B4564692B9CC9CF00DC00A5 /* FeedCollectionViewCell.xib */; };
		4B45646E2B9CD6E600DC00A5 /* Kingfisher in Frameworks */ = {isa = PBXBuildFile; productRef = 4B45646D2B9CD6E600DC00A5 /* Kingfisher */; };
		4B4564702B9CDAD000DC00A5 /* BaseViewController.swift in Sources */ = {isa = PBXBuildFile; fileRef = 4B45646F2B9CDAD000DC00A5 /* BaseViewController.swift */; };
/* End PBXBuildFile section */

/* Begin PBXFileReference section */
		4B45643D2B9C28CD00DC00A5 /* BeRealClone.app */ = {isa = PBXFileReference; explicitFileType = wrapper.application; includeInIndex = 0; path = BeRealClone.app; sourceTree = BUILT_PRODUCTS_DIR; };
		4B4564402B9C28CD00DC00A5 /* AppDelegate.swift */ = {isa = PBXFileReference; lastKnownFileType = sourcecode.swift; path = AppDelegate.swift; sourceTree = "<group>"; };
		4B4564422B9C28CD00DC00A5 /* SceneDelegate.swift */ = {isa = PBXFileReference; lastKnownFileType = sourcecode.swift; path = SceneDelegate.swift; sourceTree = "<group>"; };
		4B4564442B9C28CD00DC00A5 /* LaunchScreenVC.swift */ = {isa = PBXFileReference; lastKnownFileType = sourcecode.swift; path = LaunchScreenVC.swift; sourceTree = "<group>"; };
		4B4564472B9C28CD00DC00A5 /* Base */ = {isa = PBXFileReference; lastKnownFileType = file.storyboard; name = Base; path = Base.lproj/Main.storyboard; sourceTree = "<group>"; };
		4B4564492B9C28CF00DC00A5 /* Assets.xcassets */ = {isa = PBXFileReference; lastKnownFileType = folder.assetcatalog; path = Assets.xcassets; sourceTree = "<group>"; };
		4B45644C2B9C28CF00DC00A5 /* Base */ = {isa = PBXFileReference; lastKnownFileType = file.storyboard; name = Base; path = Base.lproj/LaunchScreen.storyboard; sourceTree = "<group>"; };
		4B45644E2B9C28CF00DC00A5 /* Info.plist */ = {isa = PBXFileReference; lastKnownFileType = text.plist.xml; path = Info.plist; sourceTree = "<group>"; };
		4B4564582B9C313D00DC00A5 /* UserAuthViewController.swift */ = {isa = PBXFileReference; lastKnownFileType = sourcecode.swift; path = UserAuthViewController.swift; sourceTree = "<group>"; };
		4B4564592B9C313D00DC00A5 /* UserAuthViewController.xib */ = {isa = PBXFileReference; lastKnownFileType = file.xib; path = UserAuthViewController.xib; sourceTree = "<group>"; };
		4B45645D2B9C3CE000DC00A5 /* User.swift */ = {isa = PBXFileReference; lastKnownFileType = sourcecode.swift; path = User.swift; sourceTree = "<group>"; };
		4B45645F2B9C42E000DC00A5 /* HomeViewController.swift */ = {isa = PBXFileReference; lastKnownFileType = sourcecode.swift; path = HomeViewController.swift; sourceTree = "<group>"; };
		4B4564612B9C4EE300DC00A5 /* PostPhotoViewController.swift */ = {isa = PBXFileReference; lastKnownFileType = sourcecode.swift; path = PostPhotoViewController.swift; sourceTree = "<group>"; };
		4B4564622B9C4EE300DC00A5 /* PostPhotoViewController.xib */ = {isa = PBXFileReference; lastKnownFileType = file.xib; path = PostPhotoViewController.xib; sourceTree = "<group>"; };
		4B4564652B9C544200DC00A5 /* Post.swift */ = {isa = PBXFileReference; lastKnownFileType = sourcecode.swift; path = Post.swift; sourceTree = "<group>"; };
		4B4564682B9CC9CF00DC00A5 /* FeedCollectionViewCell.swift */ = {isa = PBXFileReference; lastKnownFileType = sourcecode.swift; path = FeedCollectionViewCell.swift; sourceTree = "<group>"; };
		4B4564692B9CC9CF00DC00A5 /* FeedCollectionViewCell.xib */ = {isa = PBXFileReference; lastKnownFileType = file.xib; path = FeedCollectionViewCell.xib; sourceTree = "<group>"; };
		4B45646F2B9CDAD000DC00A5 /* BaseViewController.swift */ = {isa = PBXFileReference; lastKnownFileType = sourcecode.swift; path = BaseViewController.swift; sourceTree = "<group>"; };
/* End PBXFileReference section */

/* Begin PBXFrameworksBuildPhase section */
		4B45643A2B9C28CD00DC00A5 /* Frameworks */ = {
			isa = PBXFrameworksBuildPhase;
			buildActionMask = 2147483647;
			files = (
				4B45646E2B9CD6E600DC00A5 /* Kingfisher in Frameworks */,
				4B4564562B9C291C00DC00A5 /* ParseSwift in Frameworks */,
			);
			runOnlyForDeploymentPostprocessing = 0;
		};
/* End PBXFrameworksBuildPhase section */

/* Begin PBXGroup section */
		4B4564342B9C28CD00DC00A5 = {
			isa = PBXGroup;
			children = (
				4B45643F2B9C28CD00DC00A5 /* BeRealClone */,
				4B45643E2B9C28CD00DC00A5 /* Products */,
			);
			sourceTree = "<group>";
		};
		4B45643E2B9C28CD00DC00A5 /* Products */ = {
			isa = PBXGroup;
			children = (
				4B45643D2B9C28CD00DC00A5 /* BeRealClone.app */,
			);
			name = Products;
			sourceTree = "<group>";
		};
		4B45643F2B9C28CD00DC00A5 /* BeRealClone */ = {
			isa = PBXGroup;
			children = (
				4B4564672B9CC9A900DC00A5 /* Cells */,
				4B45645C2B9C3CC800DC00A5 /* Models */,
				4B4564572B9C310500DC00A5 /* ViewControllers */,
				4B4564402B9C28CD00DC00A5 /* AppDelegate.swift */,
				4B4564422B9C28CD00DC00A5 /* SceneDelegate.swift */,
				4B4564462B9C28CD00DC00A5 /* Main.storyboard */,
				4B4564492B9C28CF00DC00A5 /* Assets.xcassets */,
				4B45644B2B9C28CF00DC00A5 /* LaunchScreen.storyboard */,
				4B45644E2B9C28CF00DC00A5 /* Info.plist */,
			);
			path = BeRealClone;
			sourceTree = "<group>";
		};
		4B4564572B9C310500DC00A5 /* ViewControllers */ = {
			isa = PBXGroup;
			children = (
				4B4564442B9C28CD00DC00A5 /* LaunchScreenVC.swift */,
				4B4564582B9C313D00DC00A5 /* UserAuthViewController.swift */,
				4B4564592B9C313D00DC00A5 /* UserAuthViewController.xib */,
				4B45645F2B9C42E000DC00A5 /* HomeViewController.swift */,
				4B4564612B9C4EE300DC00A5 /* PostPhotoViewController.swift */,
				4B4564622B9C4EE300DC00A5 /* PostPhotoViewController.xib */,
				4B45646F2B9CDAD000DC00A5 /* BaseViewController.swift */,
			);
			path = ViewControllers;
			sourceTree = "<group>";
		};
		4B45645C2B9C3CC800DC00A5 /* Models */ = {
			isa = PBXGroup;
			children = (
				4B45645D2B9C3CE000DC00A5 /* User.swift */,
				4B4564652B9C544200DC00A5 /* Post.swift */,
			);
			path = Models;
			sourceTree = "<group>";
		};
		4B4564672B9CC9A900DC00A5 /* Cells */ = {
			isa = PBXGroup;
			children = (
				4B4564682B9CC9CF00DC00A5 /* FeedCollectionViewCell.swift */,
				4B4564692B9CC9CF00DC00A5 /* FeedCollectionViewCell.xib */,
			);
			path = Cells;
			sourceTree = "<group>";
		};
/* End PBXGroup section */

/* Begin PBXNativeTarget section */
		4B45643C2B9C28CD00DC00A5 /* BeRealClone */ = {
			isa = PBXNativeTarget;
			buildConfigurationList = 4B4564512B9C28CF00DC00A5 /* Build configuration list for PBXNativeTarget "BeRealClone" */;
			buildPhases = (
				4B4564392B9C28CD00DC00A5 /* Sources */,
				4B45643A2B9C28CD00DC00A5 /* Frameworks */,
				4B45643B2B9C28CD00DC00A5 /* Resources */,
			);
			buildRules = (
			);
			dependencies = (
			);
			name = BeRealClone;
			packageProductDependencies = (
				4B4564552B9C291C00DC00A5 /* ParseSwift */,
				4B45646D2B9CD6E600DC00A5 /* Kingfisher */,
			);
			productName = BeRealClone;
			productReference = 4B45643D2B9C28CD00DC00A5 /* BeRealClone.app */;
			productType = "com.apple.product-type.application";
		};
/* End PBXNativeTarget section */

/* Begin PBXProject section */
		4B4564352B9C28CD00DC00A5 /* Project object */ = {
			isa = PBXProject;
			attributes = {
				BuildIndependentTargetsInParallel = 1;
				LastSwiftUpdateCheck = 1500;
				LastUpgradeCheck = 1500;
				TargetAttributes = {
					4B45643C2B9C28CD00DC00A5 = {
						CreatedOnToolsVersion = 15.0.1;
					};
				};
			};
			buildConfigurationList = 4B4564382B9C28CD00DC00A5 /* Build configuration list for PBXProject "BeRealClone" */;
			compatibilityVersion = "Xcode 14.0";
			developmentRegion = en;
			hasScannedForEncodings = 0;
			knownRegions = (
				en,
				Base,
			);
			mainGroup = 4B4564342B9C28CD00DC00A5;
			packageReferences = (
				4B4564542B9C291C00DC00A5 /* XCRemoteSwiftPackageReference "Parse-Swift" */,
				4B45646C2B9CD6E600DC00A5 /* XCRemoteSwiftPackageReference "Kingfisher" */,
			);
			productRefGroup = 4B45643E2B9C28CD00DC00A5 /* Products */;
			projectDirPath = "";
			projectRoot = "";
			targets = (
				4B45643C2B9C28CD00DC00A5 /* BeRealClone */,
			);
		};
/* End PBXProject section */

/* Begin PBXResourcesBuildPhase section */
		4B45643B2B9C28CD00DC00A5 /* Resources */ = {
			isa = PBXResourcesBuildPhase;
			buildActionMask = 2147483647;
			files = (
				4B45644D2B9C28CF00DC00A5 /* LaunchScreen.storyboard in Resources */,
				4B4564642B9C4EE300DC00A5 /* PostPhotoViewController.xib in Resources */,
				4B45644A2B9C28CF00DC00A5 /* Assets.xcassets in Resources */,
				4B4564482B9C28CD00DC00A5 /* Main.storyboard in Resources */,
				4B45646B2B9CC9CF00DC00A5 /* FeedCollectionViewCell.xib in Resources */,
				4B45645B2B9C313D00DC00A5 /* UserAuthViewController.xib in Resources */,
			);
			runOnlyForDeploymentPostprocessing = 0;
		};
/* End PBXResourcesBuildPhase section */

/* Begin PBXSourcesBuildPhase section */
		4B4564392B9C28CD00DC00A5 /* Sources */ = {
			isa = PBXSourcesBuildPhase;
			buildActionMask = 2147483647;
			files = (
				4B4564452B9C28CD00DC00A5 /* LaunchScreenVC.swift in Sources */,
				4B4564412B9C28CD00DC00A5 /* AppDelegate.swift in Sources */,
				4B4564432B9C28CD00DC00A5 /* SceneDelegate.swift in Sources */,
				4B4564662B9C544200DC00A5 /* Post.swift in Sources */,
				4B45645E2B9C3CE000DC00A5 /* User.swift in Sources */,
				4B4564702B9CDAD000DC00A5 /* BaseViewController.swift in Sources */,
				4B45646A2B9CC9CF00DC00A5 /* FeedCollectionViewCell.swift in Sources */,
				4B45645A2B9C313D00DC00A5 /* UserAuthViewController.swift in Sources */,
				4B4564632B9C4EE300DC00A5 /* PostPhotoViewController.swift in Sources */,
				4B4564602B9C42E000DC00A5 /* HomeViewController.swift in Sources */,
			);
			runOnlyForDeploymentPostprocessing = 0;
		};
/* End PBXSourcesBuildPhase section */

/* Begin PBXVariantGroup section */
		4B4564462B9C28CD00DC00A5 /* Main.storyboard */ = {
			isa = PBXVariantGroup;
			children = (
				4B4564472B9C28CD00DC00A5 /* Base */,
			);
			name = Main.storyboard;
			sourceTree = "<group>";
		};
		4B45644B2B9C28CF00DC00A5 /* LaunchScreen.storyboard */ = {
			isa = PBXVariantGroup;
			children = (
				4B45644C2B9C28CF00DC00A5 /* Base */,
			);
			name = LaunchScreen.storyboard;
			sourceTree = "<group>";
		};
/* End PBXVariantGroup section */

/* Begin XCBuildConfiguration section */
		4B45644F2B9C28CF00DC00A5 /* Debug */ = {
			isa = XCBuildConfiguration;
			buildSettings = {
				ALWAYS_SEARCH_USER_PATHS = NO;
				ASSETCATALOG_COMPILER_GENERATE_SWIFT_ASSET_SYMBOL_EXTENSIONS = YES;
				CLANG_ANALYZER_NONNULL = YES;
				CLANG_ANALYZER_NUMBER_OBJECT_CONVERSION = YES_AGGRESSIVE;
				CLANG_CXX_LANGUAGE_STANDARD = "gnu++20";
				CLANG_ENABLE_MODULES = YES;
				CLANG_ENABLE_OBJC_ARC = YES;
				CLANG_ENABLE_OBJC_WEAK = YES;
				CLANG_WARN_BLOCK_CAPTURE_AUTORELEASING = YES;
				CLANG_WARN_BOOL_CONVERSION = YES;
				CLANG_WARN_COMMA = YES;
				CLANG_WARN_CONSTANT_CONVERSION = YES;
				CLANG_WARN_DEPRECATED_OBJC_IMPLEMENTATIONS = YES;
				CLANG_WARN_DIRECT_OBJC_ISA_USAGE = YES_ERROR;
				CLANG_WARN_DOCUMENTATION_COMMENTS = YES;
				CLANG_WARN_EMPTY_BODY = YES;
				CLANG_WARN_ENUM_CONVERSION = YES;
				CLANG_WARN_INFINITE_RECURSION = YES;
				CLANG_WARN_INT_CONVERSION = YES;
				CLANG_WARN_NON_LITERAL_NULL_CONVERSION = YES;
				CLANG_WARN_OBJC_IMPLICIT_RETAIN_SELF = YES;
				CLANG_WARN_OBJC_LITERAL_CONVERSION = YES;
				CLANG_WARN_OBJC_ROOT_CLASS = YES_ERROR;
				CLANG_WARN_QUOTED_INCLUDE_IN_FRAMEWORK_HEADER = YES;
				CLANG_WARN_RANGE_LOOP_ANALYSIS = YES;
				CLANG_WARN_STRICT_PROTOTYPES = YES;
				CLANG_WARN_SUSPICIOUS_MOVE = YES;
				CLANG_WARN_UNGUARDED_AVAILABILITY = YES_AGGRESSIVE;
				CLANG_WARN_UNREACHABLE_CODE = YES;
				CLANG_WARN__DUPLICATE_METHOD_MATCH = YES;
				COPY_PHASE_STRIP = NO;
				DEBUG_INFORMATION_FORMAT = dwarf;
				ENABLE_STRICT_OBJC_MSGSEND = YES;
				ENABLE_TESTABILITY = YES;
				ENABLE_USER_SCRIPT_SANDBOXING = YES;
				GCC_C_LANGUAGE_STANDARD = gnu17;
				GCC_DYNAMIC_NO_PIC = NO;
				GCC_NO_COMMON_BLOCKS = YES;
				GCC_OPTIMIZATION_LEVEL = 0;
				GCC_PREPROCESSOR_DEFINITIONS = (
					"DEBUG=1",
					"$(inherited)",
				);
				GCC_WARN_64_TO_32_BIT_CONVERSION = YES;
				GCC_WARN_ABOUT_RETURN_TYPE = YES_ERROR;
				GCC_WARN_UNDECLARED_SELECTOR = YES;
				GCC_WARN_UNINITIALIZED_AUTOS = YES_AGGRESSIVE;
				GCC_WARN_UNUSED_FUNCTION = YES;
				GCC_WARN_UNUSED_VARIABLE = YES;
				IPHONEOS_DEPLOYMENT_TARGET = 17.0;
				LOCALIZATION_PREFERS_STRING_CATALOGS = YES;
				MTL_ENABLE_DEBUG_INFO = INCLUDE_SOURCE;
				MTL_FAST_MATH = YES;
				ONLY_ACTIVE_ARCH = YES;
				SDKROOT = iphoneos;
				SWIFT_ACTIVE_COMPILATION_CONDITIONS = "DEBUG $(inherited)";
				SWIFT_OPTIMIZATION_LEVEL = "-Onone";
			};
			name = Debug;
		};
		4B4564502B9C28CF00DC00A5 /* Release */ = {
			isa = XCBuildConfiguration;
			buildSettings = {
				ALWAYS_SEARCH_USER_PATHS = NO;
				ASSETCATALOG_COMPILER_GENERATE_SWIFT_ASSET_SYMBOL_EXTENSIONS = YES;
				CLANG_ANALYZER_NONNULL = YES;
				CLANG_ANALYZER_NUMBER_OBJECT_CONVERSION = YES_AGGRESSIVE;
				CLANG_CXX_LANGUAGE_STANDARD = "gnu++20";
				CLANG_ENABLE_MODULES = YES;
				CLANG_ENABLE_OBJC_ARC = YES;
				CLANG_ENABLE_OBJC_WEAK = YES;
				CLANG_WARN_BLOCK_CAPTURE_AUTORELEASING = YES;
				CLANG_WARN_BOOL_CONVERSION = YES;
				CLANG_WARN_COMMA = YES;
				CLANG_WARN_CONSTANT_CONVERSION = YES;
				CLANG_WARN_DEPRECATED_OBJC_IMPLEMENTATIONS = YES;
				CLANG_WARN_DIRECT_OBJC_ISA_USAGE = YES_ERROR;
				CLANG_WARN_DOCUMENTATION_COMMENTS = YES;
				CLANG_WARN_EMPTY_BODY = YES;
				CLANG_WARN_ENUM_CONVERSION = YES;
				CLANG_WARN_INFINITE_RECURSION = YES;
				CLANG_WARN_INT_CONVERSION = YES;
				CLANG_WARN_NON_LITERAL_NULL_CONVERSION = YES;
				CLANG_WARN_OBJC_IMPLICIT_RETAIN_SELF = YES;
				CLANG_WARN_OBJC_LITERAL_CONVERSION = YES;
				CLANG_WARN_OBJC_ROOT_CLASS = YES_ERROR;
				CLANG_WARN_QUOTED_INCLUDE_IN_FRAMEWORK_HEADER = YES;
				CLANG_WARN_RANGE_LOOP_ANALYSIS = YES;
				CLANG_WARN_STRICT_PROTOTYPES = YES;
				CLANG_WARN_SUSPICIOUS_MOVE = YES;
				CLANG_WARN_UNGUARDED_AVAILABILITY = YES_AGGRESSIVE;
				CLANG_WARN_UNREACHABLE_CODE = YES;
				CLANG_WARN__DUPLICATE_METHOD_MATCH = YES;
				COPY_PHASE_STRIP = NO;
				DEBUG_INFORMATION_FORMAT = "dwarf-with-dsym";
				ENABLE_NS_ASSERTIONS = NO;
				ENABLE_STRICT_OBJC_MSGSEND = YES;
				ENABLE_USER_SCRIPT_SANDBOXING = YES;
				GCC_C_LANGUAGE_STANDARD = gnu17;
				GCC_NO_COMMON_BLOCKS = YES;
				GCC_WARN_64_TO_32_BIT_CONVERSION = YES;
				GCC_WARN_ABOUT_RETURN_TYPE = YES_ERROR;
				GCC_WARN_UNDECLARED_SELECTOR = YES;
				GCC_WARN_UNINITIALIZED_AUTOS = YES_AGGRESSIVE;
				GCC_WARN_UNUSED_FUNCTION = YES;
				GCC_WARN_UNUSED_VARIABLE = YES;
				IPHONEOS_DEPLOYMENT_TARGET = 17.0;
				LOCALIZATION_PREFERS_STRING_CATALOGS = YES;
				MTL_ENABLE_DEBUG_INFO = NO;
				MTL_FAST_MATH = YES;
				SDKROOT = iphoneos;
				SWIFT_COMPILATION_MODE = wholemodule;
				VALIDATE_PRODUCT = YES;
			};
			name = Release;
		};
		4B4564522B9C28CF00DC00A5 /* Debug */ = {
			isa = XCBuildConfiguration;
			buildSettings = {
				ASSETCATALOG_COMPILER_APPICON_NAME = AppIcon;
				ASSETCATALOG_COMPILER_GLOBAL_ACCENT_COLOR_NAME = AccentColor;
				CODE_SIGN_STYLE = Automatic;
				CURRENT_PROJECT_VERSION = 1;
				DEVELOPMENT_TEAM = HS7B23PJ7S;
				GENERATE_INFOPLIST_FILE = YES;
				INFOPLIST_FILE = BeRealClone/Info.plist;
				INFOPLIST_KEY_UIApplicationSupportsIndirectInputEvents = YES;
				INFOPLIST_KEY_UILaunchStoryboardName = LaunchScreen;
				INFOPLIST_KEY_UIMainStoryboardFile = Main;
				INFOPLIST_KEY_UISupportedInterfaceOrientations_iPad = "UIInterfaceOrientationPortrait UIInterfaceOrientationPortraitUpsideDown UIInterfaceOrientationLandscapeLeft UIInterfaceOrientationLandscapeRight";
				INFOPLIST_KEY_UISupportedInterfaceOrientations_iPhone = "UIInterfaceOrientationPortrait UIInterfaceOrientationLandscapeLeft UIInterfaceOrientationLandscapeRight";
				LD_RUNPATH_SEARCH_PATHS = (
					"$(inherited)",
					"@executable_path/Frameworks",
				);
				MARKETING_VERSION = 1.0;
				PRODUCT_BUNDLE_IDENTIFIER = Gokul.BeRealClone;
				PRODUCT_NAME = "$(TARGET_NAME)";
				SWIFT_EMIT_LOC_STRINGS = YES;
				SWIFT_VERSION = 5.0;
				TARGETED_DEVICE_FAMILY = "1,2";
			};
			name = Debug;
		};
		4B4564532B9C28CF00DC00A5 /* Release */ = {
			isa = XCBuildConfiguration;
			buildSettings = {
				ASSETCATALOG_COMPILER_APPICON_NAME = AppIcon;
				ASSETCATALOG_COMPILER_GLOBAL_ACCENT_COLOR_NAME = AccentColor;
				CODE_SIGN_STYLE = Automatic;
				CURRENT_PROJECT_VERSION = 1;
				DEVELOPMENT_TEAM = HS7B23PJ7S;
				GENERATE_INFOPLIST_FILE = YES;
				INFOPLIST_FILE = BeRealClone/Info.plist;
				INFOPLIST_KEY_UIApplicationSupportsIndirectInputEvents = YES;
				INFOPLIST_KEY_UILaunchStoryboardName = LaunchScreen;
				INFOPLIST_KEY_UIMainStoryboardFile = Main;
				INFOPLIST_KEY_UISupportedInterfaceOrientations_iPad = "UIInterfaceOrientationPortrait UIInterfaceOrientationPortraitUpsideDown UIInterfaceOrientationLandscapeLeft UIInterfaceOrientationLandscapeRight";
				INFOPLIST_KEY_UISupportedInterfaceOrientations_iPhone = "UIInterfaceOrientationPortrait UIInterfaceOrientationLandscapeLeft UIInterfaceOrientationLandscapeRight";
				LD_RUNPATH_SEARCH_PATHS = (
					"$(inherited)",
					"@executable_path/Frameworks",
				);
				MARKETING_VERSION = 1.0;
				PRODUCT_BUNDLE_IDENTIFIER = Gokul.BeRealClone;
				PRODUCT_NAME = "$(TARGET_NAME)";
				SWIFT_EMIT_LOC_STRINGS = YES;
				SWIFT_VERSION = 5.0;
				TARGETED_DEVICE_FAMILY = "1,2";
			};
			name = Release;
		};
/* End XCBuildConfiguration section */

/* Begin XCConfigurationList section */
		4B4564382B9C28CD00DC00A5 /* Build configuration list for PBXProject "BeRealClone" */ = {
			isa = XCConfigurationList;
			buildConfigurations = (
				4B45644F2B9C28CF00DC00A5 /* Debug */,
				4B4564502B9C28CF00DC00A5 /* Release */,
			);
			defaultConfigurationIsVisible = 0;
			defaultConfigurationName = Release;
		};
		4B4564512B9C28CF00DC00A5 /* Build configuration list for PBXNativeTarget "BeRealClone" */ = {
			isa = XCConfigurationList;
			buildConfigurations = (
				4B4564522B9C28CF00DC00A5 /* Debug */,
				4B4564532B9C28CF00DC00A5 /* Release */,
			);
			defaultConfigurationIsVisible = 0;
			defaultConfigurationName = Release;
		};
/* End XCConfigurationList section */

/* Begin XCRemoteSwiftPackageReference section */
		4B4564542B9C291C00DC00A5 /* XCRemoteSwiftPackageReference "Parse-Swift" */ = {
			isa = XCRemoteSwiftPackageReference;
			repositoryURL = "https://github.com/parse-community/Parse-Swift";
			requirement = {
				kind = upToNextMajorVersion;
				minimumVersion = 4.14.2;
			};
		};
		4B45646C2B9CD6E600DC00A5 /* XCRemoteSwiftPackageReference "Kingfisher" */ = {
			isa = XCRemoteSwiftPackageReference;
			repositoryURL = "https://github.com/onevcat/Kingfisher.git";
			requirement = {
				kind = upToNextMajorVersion;
				minimumVersion = 7.11.0;
			};
		};
/* End XCRemoteSwiftPackageReference section */

/* Begin XCSwiftPackageProductDependency section */
		4B4564552B9C291C00DC00A5 /* ParseSwift */ = {
			isa = XCSwiftPackageProductDependency;
			package = 4B4564542B9C291C00DC00A5 /* XCRemoteSwiftPackageReference "Parse-Swift" */;
			productName = ParseSwift;
		};
		4B45646D2B9CD6E600DC00A5 /* Kingfisher */ = {
			isa = XCSwiftPackageProductDependency;
			package = 4B45646C2B9CD6E600DC00A5 /* XCRemoteSwiftPackageReference "Kingfisher" */;
			productName = Kingfisher;
		};
/* End XCSwiftPackageProductDependency section */
	};
	rootObject = 4B4564352B9C28CD00DC00A5 /* Project object */;
}
